
Microsoft Visual Studio Solution File, Format Version 12.00
# Visual Studio Version 16
VisualStudioVersion = 16.0.30711.63
MinimumVisualStudioVersion = 10.0.40219.1
Project("{FAE04EC0-301F-11D3-BF4B-00C04F79EFBC}") = "mySqlAjandek", "mySqlAjandek\mySqlAjandek.csproj", "{7DE4F0E8-D5E9-4E1E-A6A0-1CA43F327460}"
EndProject
Global
	GlobalSection(SolutionConfigurationPlatforms) = preSolution
		Debug|Any CPU = Debug|Any CPU
		Release|Any CPU = Release|Any CPU
	EndGlobalSection
	GlobalSection(ProjectConfigurationPlatforms) = postSolution
		{7DE4F0E8-D5E9-4E1E-A6A0-1CA43F327460}.Debug|Any CPU.ActiveCfg = Debug|Any CPU
		{7DE4F0E8-D5E9-4E1E-A6A0-1CA43F327460}.Debug|Any CPU.Build.0 = Debug|Any CPU
		{7DE4F0E8-D5E9-4E1E-A6A0-1CA43F327460}.Release|Any CPU.ActiveCfg = Release|Any CPU
		{7DE4F0E8-D5E9-4E1E-A6A0-1CA43F327460}.Release|Any CPU.Build.0 = Release|Any CPU
	EndGlobalSection
	GlobalSection(SolutionProperties) = preSolution
		HideSolutionNode = FALSE
	EndGlobalSection
	GlobalSection(ExtensibilityGlobals) = postSolution
		SolutionGuid = {30D31BF9-1391-4A4D-B04C-151A705105E8}
	EndGlobalSection
EndGlobal
